{
  "name": "css-util-webpack-loader",
  "version": "0.0.2",
  "lockfileVersion": 1,
  "requires": true,
  "dependencies": {
    "@types/css": {
      "version": "0.0.31",
      "resolved": "https://registry.npmjs.org/@types/css/-/css-0.0.31.tgz",
      "integrity": "sha512-Xt3xp8o0zueqrdIkAOO5gy5YNs+jYfmIUPeoeKiwrcmCRXuNWkIgR2Ph6vHuVfi1y6c9Tx214EQBWPEkU97djw=="
    }
  }
}
